
Microsoft Visual Studio Solution File, Format Version 12.00
# Visual Studio Version 17
VisualStudioVersion = 17.0.31903.59
MinimumVisualStudioVersion = 10.0.40219.1
Project("{FAE04EC0-301F-11D3-BF4B-00C04F79EFBC}") = "WordsCounting", "WordsCounting\WordsCounting.csproj", "{B0E27FA8-16A1-4D85-910F-0009D687F643}"
EndProject
Project("{FAE04EC0-301F-11D3-BF4B-00C04F79EFBC}") = "WordsCounting.Console", "WordsCounting.Console\WordsCounting.Console.csproj", "{A48FAF7A-DE4C-46CC-9004-6798D08F500F}"
EndProject
Project("{FAE04EC0-301F-11D3-BF4B-00C04F79EFBC}") = "WordsCounting.Tests", "WordsCounting.Tests\WordsCounting.Tests.csproj", "{73D1380D-2E01-40C6-8A5D-51CAAD0FA5A9}"
EndProject
Global
	GlobalSection(SolutionConfigurationPlatforms) = preSolution
		Debug|Any CPU = Debug|Any CPU
		Release|Any CPU = Release|Any CPU
	EndGlobalSection
	GlobalSection(SolutionProperties) = preSolution
		HideSolutionNode = FALSE
	EndGlobalSection
	GlobalSection(ProjectConfigurationPlatforms) = postSolution
		{B0E27FA8-16A1-4D85-910F-0009D687F643}.Debug|Any CPU.ActiveCfg = Debug|Any CPU
		{B0E27FA8-16A1-4D85-910F-0009D687F643}.Debug|Any CPU.Build.0 = Debug|Any CPU
		{B0E27FA8-16A1-4D85-910F-0009D687F643}.Release|Any CPU.ActiveCfg = Release|Any CPU
		{B0E27FA8-16A1-4D85-910F-0009D687F643}.Release|Any CPU.Build.0 = Release|Any CPU
		{A48FAF7A-DE4C-46CC-9004-6798D08F500F}.Debug|Any CPU.ActiveCfg = Debug|Any CPU
		{A48FAF7A-DE4C-46CC-9004-6798D08F500F}.Debug|Any CPU.Build.0 = Debug|Any CPU
		{A48FAF7A-DE4C-46CC-9004-6798D08F500F}.Release|Any CPU.ActiveCfg = Release|Any CPU
		{A48FAF7A-DE4C-46CC-9004-6798D08F500F}.Release|Any CPU.Build.0 = Release|Any CPU
		{73D1380D-2E01-40C6-8A5D-51CAAD0FA5A9}.Debug|Any CPU.ActiveCfg = Debug|Any CPU
		{73D1380D-2E01-40C6-8A5D-51CAAD0FA5A9}.Debug|Any CPU.Build.0 = Debug|Any CPU
		{73D1380D-2E01-40C6-8A5D-51CAAD0FA5A9}.Release|Any CPU.ActiveCfg = Release|Any CPU
		{73D1380D-2E01-40C6-8A5D-51CAAD0FA5A9}.Release|Any CPU.Build.0 = Release|Any CPU
	EndGlobalSection
EndGlobal
